
Microsoft Visual Studio Solution File, Format Version 12.00
# Visual Studio 2013
VisualStudioVersion = 12.0.30723.0
MinimumVisualStudioVersion = 10.0.40219.1
Project("{FAE04EC0-301F-11D3-BF4B-00C04F79EFBC}") = "Fmg.XamForms.Renderers.Markdown.Touch", "Fmg.XamForms.Renderers.Markdown.Touch\Fmg.XamForms.Renderers.Markdown.Touch.csproj", "{C5D6AC3F-7B83-4CC9-B2FE-0FCB63319106}"
EndProject
Project("{FAE04EC0-301F-11D3-BF4B-00C04F79EFBC}") = "Fmg.XamForms.Renderers.Markdown.Droid", "Fmg.XamForms.Renderers.Markdown.Droid\Fmg.XamForms.Renderers.Markdown.Droid.csproj", "{E89240BB-145C-4491-B9CE-7E2D760DEE11}"
EndProject
Project("{FAE04EC0-301F-11D3-BF4B-00C04F79EFBC}") = "Fmg.XamForms.Renderers.Markdown", "Fmg.XamForms.Renderers.Markdown\Fmg.XamForms.Renderers.Markdown.csproj", "{392AC29F-91F5-4053-92C3-382ACE8A641A}"
EndProject
Project("{FAE04EC0-301F-11D3-BF4B-00C04F79EFBC}") = "MarkdownDemo", "MarkdownDemo\MarkdownDemo\MarkdownDemo.csproj", "{79FA6E59-F881-424A-8C67-38DACD30C062}"
EndProject
Project("{FAE04EC0-301F-11D3-BF4B-00C04F79EFBC}") = "MarkdownDemo.iOS", "MarkdownDemo\MarkdownDemo.iOS\MarkdownDemo.iOS.csproj", "{CF421F98-C6E4-4C6F-99BB-604402C78E29}"
EndProject
Project("{FAE04EC0-301F-11D3-BF4B-00C04F79EFBC}") = "MarkdownDemo.Android", "MarkdownDemo\MarkdownDemo.Android\MarkdownDemo.Android.csproj", "{2BD75162-3B2E-4871-B9AF-25BA85A52353}"
EndProject
Global
	GlobalSection(SolutionConfigurationPlatforms) = preSolution
		Ad-Hoc|Any CPU = Ad-Hoc|Any CPU
		Ad-Hoc|ARM = Ad-Hoc|ARM
		Ad-Hoc|iPhone = Ad-Hoc|iPhone
		Ad-Hoc|iPhoneSimulator = Ad-Hoc|iPhoneSimulator
		Ad-Hoc|Mixed Platforms = Ad-Hoc|Mixed Platforms
		Ad-Hoc|x86 = Ad-Hoc|x86
		AppStore|Any CPU = AppStore|Any CPU
		AppStore|ARM = AppStore|ARM
		AppStore|iPhone = AppStore|iPhone
		AppStore|iPhoneSimulator = AppStore|iPhoneSimulator
		AppStore|Mixed Platforms = AppStore|Mixed Platforms
		AppStore|x86 = AppStore|x86
		Debug|Any CPU = Debug|Any CPU
		Debug|ARM = Debug|ARM
		Debug|iPhone = Debug|iPhone
		Debug|iPhoneSimulator = Debug|iPhoneSimulator
		Debug|Mixed Platforms = Debug|Mixed Platforms
		Debug|x86 = Debug|x86
		Release|Any CPU = Release|Any CPU
		Release|ARM = Release|ARM
		Release|iPhone = Release|iPhone
		Release|iPhoneSimulator = Release|iPhoneSimulator
		Release|Mixed Platforms = Release|Mixed Platforms
		Release|x86 = Release|x86
	EndGlobalSection
	GlobalSection(ProjectConfigurationPlatforms) = postSolution
		{C5D6AC3F-7B83-4CC9-B2FE-0FCB63319106}.Ad-Hoc|Any CPU.ActiveCfg = Release|Any CPU
		{C5D6AC3F-7B83-4CC9-B2FE-0FCB63319106}.Ad-Hoc|Any CPU.Build.0 = Release|Any CPU
		{C5D6AC3F-7B83-4CC9-B2FE-0FCB63319106}.Ad-Hoc|ARM.ActiveCfg = Release|Any CPU
		{C5D6AC3F-7B83-4CC9-B2FE-0FCB63319106}.Ad-Hoc|iPhone.ActiveCfg = Release|Any CPU
		{C5D6AC3F-7B83-4CC9-B2FE-0FCB63319106}.Ad-Hoc|iPhoneSimulator.ActiveCfg = Release|Any CPU
		{C5D6AC3F-7B83-4CC9-B2FE-0FCB63319106}.Ad-Hoc|Mixed Platforms.ActiveCfg = Release|Any CPU
		{C5D6AC3F-7B83-4CC9-B2FE-0FCB63319106}.Ad-Hoc|Mixed Platforms.Build.0 = Release|Any CPU
		{C5D6AC3F-7B83-4CC9-B2FE-0FCB63319106}.Ad-Hoc|x86.ActiveCfg = Release|Any CPU
		{C5D6AC3F-7B83-4CC9-B2FE-0FCB63319106}.AppStore|Any CPU.ActiveCfg = Release|Any CPU
		{C5D6AC3F-7B83-4CC9-B2FE-0FCB63319106}.AppStore|Any CPU.Build.0 = Release|Any CPU
		{C5D6AC3F-7B83-4CC9-B2FE-0FCB63319106}.AppStore|ARM.ActiveCfg = Release|Any CPU
		{C5D6AC3F-7B83-4CC9-B2FE-0FCB63319106}.AppStore|iPhone.ActiveCfg = Release|Any CPU
		{C5D6AC3F-7B83-4CC9-B2FE-0FCB63319106}.AppStore|iPhoneSimulator.ActiveCfg = Release|Any CPU
		{C5D6AC3F-7B83-4CC9-B2FE-0FCB63319106}.AppStore|Mixed Platforms.ActiveCfg = Release|Any CPU
		{C5D6AC3F-7B83-4CC9-B2FE-0FCB63319106}.AppStore|Mixed Platforms.Build.0 = Release|Any CPU
		{C5D6AC3F-7B83-4CC9-B2FE-0FCB63319106}.AppStore|x86.ActiveCfg = Release|Any CPU
		{C5D6AC3F-7B83-4CC9-B2FE-0FCB63319106}.Debug|Any CPU.ActiveCfg = Debug|Any CPU
		{C5D6AC3F-7B83-4CC9-B2FE-0FCB63319106}.Debug|Any CPU.Build.0 = Debug|Any CPU
		{C5D6AC3F-7B83-4CC9-B2FE-0FCB63319106}.Debug|ARM.ActiveCfg = Debug|Any CPU
		{C5D6AC3F-7B83-4CC9-B2FE-0FCB63319106}.Debug|iPhone.ActiveCfg = Debug|Any CPU
		{C5D6AC3F-7B83-4CC9-B2FE-0FCB63319106}.Debug|iPhoneSimulator.ActiveCfg = Debug|Any CPU
		{C5D6AC3F-7B83-4CC9-B2FE-0FCB63319106}.Debug|Mixed Platforms.ActiveCfg = Debug|Any CPU
		{C5D6AC3F-7B83-4CC9-B2FE-0FCB63319106}.Debug|Mixed Platforms.Build.0 = Debug|Any CPU
		{C5D6AC3F-7B83-4CC9-B2FE-0FCB63319106}.Debug|x86.ActiveCfg = Debug|Any CPU
		{C5D6AC3F-7B83-4CC9-B2FE-0FCB63319106}.Release|Any CPU.ActiveCfg = Release|Any CPU
		{C5D6AC3F-7B83-4CC9-B2FE-0FCB63319106}.Release|Any CPU.Build.0 = Release|Any CPU
		{C5D6AC3F-7B83-4CC9-B2FE-0FCB63319106}.Release|ARM.ActiveCfg = Release|Any CPU
		{C5D6AC3F-7B83-4CC9-B2FE-0FCB63319106}.Release|iPhone.ActiveCfg = Release|Any CPU
		{C5D6AC3F-7B83-4CC9-B2FE-0FCB63319106}.Release|iPhoneSimulator.ActiveCfg = Release|Any CPU
		{C5D6AC3F-7B83-4CC9-B2FE-0FCB63319106}.Release|Mixed Platforms.ActiveCfg = Release|Any CPU
		{C5D6AC3F-7B83-4CC9-B2FE-0FCB63319106}.Release|Mixed Platforms.Build.0 = Release|Any CPU
		{C5D6AC3F-7B83-4CC9-B2FE-0FCB63319106}.Release|x86.ActiveCfg = Release|Any CPU
		{E89240BB-145C-4491-B9CE-7E2D760DEE11}.Ad-Hoc|Any CPU.ActiveCfg = Release|Any CPU
		{E89240BB-145C-4491-B9CE-7E2D760DEE11}.Ad-Hoc|Any CPU.Build.0 = Release|Any CPU
		{E89240BB-145C-4491-B9CE-7E2D760DEE11}.Ad-Hoc|ARM.ActiveCfg = Release|Any CPU
		{E89240BB-145C-4491-B9CE-7E2D760DEE11}.Ad-Hoc|iPhone.ActiveCfg = Release|Any CPU
		{E89240BB-145C-4491-B9CE-7E2D760DEE11}.Ad-Hoc|iPhoneSimulator.ActiveCfg = Release|Any CPU
		{E89240BB-145C-4491-B9CE-7E2D760DEE11}.Ad-Hoc|Mixed Platforms.ActiveCfg = Release|Any CPU
		{E89240BB-145C-4491-B9CE-7E2D760DEE11}.Ad-Hoc|Mixed Platforms.Build.0 = Release|Any CPU
		{E89240BB-145C-4491-B9CE-7E2D760DEE11}.Ad-Hoc|x86.ActiveCfg = Release|Any CPU
		{E89240BB-145C-4491-B9CE-7E2D760DEE11}.AppStore|Any CPU.ActiveCfg = Release|Any CPU
		{E89240BB-145C-4491-B9CE-7E2D760DEE11}.AppStore|Any CPU.Build.0 = Release|Any CPU
		{E89240BB-145C-4491-B9CE-7E2D760DEE11}.AppStore|ARM.ActiveCfg = Release|Any CPU
		{E89240BB-145C-4491-B9CE-7E2D760DEE11}.AppStore|iPhone.ActiveCfg = Release|Any CPU
		{E89240BB-145C-4491-B9CE-7E2D760DEE11}.AppStore|iPhoneSimulator.ActiveCfg = Release|Any CPU
		{E89240BB-145C-4491-B9CE-7E2D760DEE11}.AppStore|Mixed Platforms.ActiveCfg = Release|Any CPU
		{E89240BB-145C-4491-B9CE-7E2D760DEE11}.AppStore|Mixed Platforms.Build.0 = Release|Any CPU
		{E89240BB-145C-4491-B9CE-7E2D760DEE11}.AppStore|x86.ActiveCfg = Release|Any CPU
		{E89240BB-145C-4491-B9CE-7E2D760DEE11}.Debug|Any CPU.ActiveCfg = Debug|Any CPU
		{E89240BB-145C-4491-B9CE-7E2D760DEE11}.Debug|Any CPU.Build.0 = Debug|Any CPU
		{E89240BB-145C-4491-B9CE-7E2D760DEE11}.Debug|ARM.ActiveCfg = Debug|Any CPU
		{E89240BB-145C-4491-B9CE-7E2D760DEE11}.Debug|iPhone.ActiveCfg = Debug|Any CPU
		{E89240BB-145C-4491-B9CE-7E2D760DEE11}.Debug|iPhoneSimulator.ActiveCfg = Debug|Any CPU
		{E89240BB-145C-4491-B9CE-7E2D760DEE11}.Debug|Mixed Platforms.ActiveCfg = Debug|Any CPU
		{E89240BB-145C-4491-B9CE-7E2D760DEE11}.Debug|Mixed Platforms.Build.0 = Debug|Any CPU
		{E89240BB-145C-4491-B9CE-7E2D760DEE11}.Debug|x86.ActiveCfg = Debug|Any CPU
		{E89240BB-145C-4491-B9CE-7E2D760DEE11}.Release|Any CPU.ActiveCfg = Release|Any CPU
		{E89240BB-145C-4491-B9CE-7E2D760DEE11}.Release|Any CPU.Build.0 = Release|Any CPU
		{E89240BB-145C-4491-B9CE-7E2D760DEE11}.Release|ARM.ActiveCfg = Release|Any CPU
		{E89240BB-145C-4491-B9CE-7E2D760DEE11}.Release|iPhone.ActiveCfg = Release|Any CPU
		{E89240BB-145C-4491-B9CE-7E2D760DEE11}.Release|iPhoneSimulator.ActiveCfg = Release|Any CPU
		{E89240BB-145C-4491-B9CE-7E2D760DEE11}.Release|Mixed Platforms.ActiveCfg = Release|Any CPU
		{E89240BB-145C-4491-B9CE-7E2D760DEE11}.Release|Mixed Platforms.Build.0 = Release|Any CPU
		{E89240BB-145C-4491-B9CE-7E2D760DEE11}.Release|x86.ActiveCfg = Release|Any CPU
		{392AC29F-91F5-4053-92C3-382ACE8A641A}.Ad-Hoc|Any CPU.ActiveCfg = Release|Any CPU
		{392AC29F-91F5-4053-92C3-382ACE8A641A}.Ad-Hoc|Any CPU.Build.0 = Release|Any CPU
		{392AC29F-91F5-4053-92C3-382ACE8A641A}.Ad-Hoc|ARM.ActiveCfg = Release|Any CPU
		{392AC29F-91F5-4053-92C3-382ACE8A641A}.Ad-Hoc|iPhone.ActiveCfg = Release|Any CPU
		{392AC29F-91F5-4053-92C3-382ACE8A641A}.Ad-Hoc|iPhoneSimulator.ActiveCfg = Release|Any CPU
		{392AC29F-91F5-4053-92C3-382ACE8A641A}.Ad-Hoc|Mixed Platforms.ActiveCfg = Release|Any CPU
		{392AC29F-91F5-4053-92C3-382ACE8A641A}.Ad-Hoc|Mixed Platforms.Build.0 = Release|Any CPU
		{392AC29F-91F5-4053-92C3-382ACE8A641A}.Ad-Hoc|x86.ActiveCfg = Release|Any CPU
		{392AC29F-91F5-4053-92C3-382ACE8A641A}.AppStore|Any CPU.ActiveCfg = Release|Any CPU
		{392AC29F-91F5-4053-92C3-382ACE8A641A}.AppStore|Any CPU.Build.0 = Release|Any CPU
		{392AC29F-91F5-4053-92C3-382ACE8A641A}.AppStore|ARM.ActiveCfg = Release|Any CPU
		{392AC29F-91F5-4053-92C3-382ACE8A641A}.AppStore|iPhone.ActiveCfg = Release|Any CPU
		{392AC29F-91F5-4053-92C3-382ACE8A641A}.AppStore|iPhoneSimulator.ActiveCfg = Release|Any CPU
		{392AC29F-91F5-4053-92C3-382ACE8A641A}.AppStore|Mixed Platforms.ActiveCfg = Release|Any CPU
		{392AC29F-91F5-4053-92C3-382ACE8A641A}.AppStore|Mixed Platforms.Build.0 = Release|Any CPU
		{392AC29F-91F5-4053-92C3-382ACE8A641A}.AppStore|x86.ActiveCfg = Release|Any CPU
		{392AC29F-91F5-4053-92C3-382ACE8A641A}.Debug|Any CPU.ActiveCfg = Debug|Any CPU
		{392AC29F-91F5-4053-92C3-382ACE8A641A}.Debug|Any CPU.Build.0 = Debug|Any CPU
		{392AC29F-91F5-4053-92C3-382ACE8A641A}.Debug|ARM.ActiveCfg = Debug|Any CPU
		{392AC29F-91F5-4053-92C3-382ACE8A641A}.Debug|iPhone.ActiveCfg = Debug|Any CPU
		{392AC29F-91F5-4053-92C3-382ACE8A641A}.Debug|iPhoneSimulator.ActiveCfg = Debug|Any CPU
		{392AC29F-91F5-4053-92C3-382ACE8A641A}.Debug|Mixed Platforms.ActiveCfg = Debug|Any CPU
		{392AC29F-91F5-4053-92C3-382ACE8A641A}.Debug|Mixed Platforms.Build.0 = Debug|Any CPU
		{392AC29F-91F5-4053-92C3-382ACE8A641A}.Debug|x86.ActiveCfg = Debug|Any CPU
		{392AC29F-91F5-4053-92C3-382ACE8A641A}.Release|Any CPU.ActiveCfg = Release|Any CPU
		{392AC29F-91F5-4053-92C3-382ACE8A641A}.Release|Any CPU.Build.0 = Release|Any CPU
		{392AC29F-91F5-4053-92C3-382ACE8A641A}.Release|ARM.ActiveCfg = Release|Any CPU
		{392AC29F-91F5-4053-92C3-382ACE8A641A}.Release|iPhone.ActiveCfg = Release|Any CPU
		{392AC29F-91F5-4053-92C3-382ACE8A641A}.Release|iPhoneSimulator.ActiveCfg = Release|Any CPU
		{392AC29F-91F5-4053-92C3-382ACE8A641A}.Release|Mixed Platforms.ActiveCfg = Release|Any CPU
		{392AC29F-91F5-4053-92C3-382ACE8A641A}.Release|Mixed Platforms.Build.0 = Release|Any CPU
		{392AC29F-91F5-4053-92C3-382ACE8A641A}.Release|x86.ActiveCfg = Release|Any CPU
		{79FA6E59-F881-424A-8C67-38DACD30C062}.Ad-Hoc|Any CPU.ActiveCfg = Release|Any CPU
		{79FA6E59-F881-424A-8C67-38DACD30C062}.Ad-Hoc|Any CPU.Build.0 = Release|Any CPU
		{79FA6E59-F881-424A-8C67-38DACD30C062}.Ad-Hoc|ARM.ActiveCfg = Release|Any CPU
		{79FA6E59-F881-424A-8C67-38DACD30C062}.Ad-Hoc|iPhone.ActiveCfg = Release|Any CPU
		{79FA6E59-F881-424A-8C67-38DACD30C062}.Ad-Hoc|iPhoneSimulator.ActiveCfg = Release|Any CPU
		{79FA6E59-F881-424A-8C67-38DACD30C062}.Ad-Hoc|Mixed Platforms.ActiveCfg = Release|Any CPU
		{79FA6E59-F881-424A-8C67-38DACD30C062}.Ad-Hoc|Mixed Platforms.Build.0 = Release|Any CPU
		{79FA6E59-F881-424A-8C67-38DACD30C062}.Ad-Hoc|x86.ActiveCfg = Release|Any CPU
		{79FA6E59-F881-424A-8C67-38DACD30C062}.AppStore|Any CPU.ActiveCfg = Release|Any CPU
		{79FA6E59-F881-424A-8C67-38DACD30C062}.AppStore|Any CPU.Build.0 = Release|Any CPU
		{79FA6E59-F881-424A-8C67-38DACD30C062}.AppStore|ARM.ActiveCfg = Release|Any CPU
		{79FA6E59-F881-424A-8C67-38DACD30C062}.AppStore|iPhone.ActiveCfg = Release|Any CPU
		{79FA6E59-F881-424A-8C67-38DACD30C062}.AppStore|iPhoneSimulator.ActiveCfg = Release|Any CPU
		{79FA6E59-F881-424A-8C67-38DACD30C062}.AppStore|Mixed Platforms.ActiveCfg = Release|Any CPU
		{79FA6E59-F881-424A-8C67-38DACD30C062}.AppStore|Mixed Platforms.Build.0 = Release|Any CPU
		{79FA6E59-F881-424A-8C67-38DACD30C062}.AppStore|x86.ActiveCfg = Release|Any CPU
		{79FA6E59-F881-424A-8C67-38DACD30C062}.Debug|Any CPU.ActiveCfg = Debug|Any CPU
		{79FA6E59-F881-424A-8C67-38DACD30C062}.Debug|Any CPU.Build.0 = Debug|Any CPU
		{79FA6E59-F881-424A-8C67-38DACD30C062}.Debug|ARM.ActiveCfg = Debug|Any CPU
		{79FA6E59-F881-424A-8C67-38DACD30C062}.Debug|iPhone.ActiveCfg = Debug|Any CPU
		{79FA6E59-F881-424A-8C67-38DACD30C062}.Debug|iPhoneSimulator.ActiveCfg = Debug|Any CPU
		{79FA6E59-F881-424A-8C67-38DACD30C062}.Debug|Mixed Platforms.ActiveCfg = Debug|Any CPU
		{79FA6E59-F881-424A-8C67-38DACD30C062}.Debug|Mixed Platforms.Build.0 = Debug|Any CPU
		{79FA6E59-F881-424A-8C67-38DACD30C062}.Debug|x86.ActiveCfg = Debug|Any CPU
		{79FA6E59-F881-424A-8C67-38DACD30C062}.Release|Any CPU.ActiveCfg = Release|Any CPU
		{79FA6E59-F881-424A-8C67-38DACD30C062}.Release|Any CPU.Build.0 = Release|Any CPU
		{79FA6E59-F881-424A-8C67-38DACD30C062}.Release|ARM.ActiveCfg = Release|Any CPU
		{79FA6E59-F881-424A-8C67-38DACD30C062}.Release|iPhone.ActiveCfg = Release|Any CPU
		{79FA6E59-F881-424A-8C67-38DACD30C062}.Release|iPhoneSimulator.ActiveCfg = Release|Any CPU
		{79FA6E59-F881-424A-8C67-38DACD30C062}.Release|Mixed Platforms.ActiveCfg = Release|Any CPU
		{79FA6E59-F881-424A-8C67-38DACD30C062}.Release|Mixed Platforms.Build.0 = Release|Any CPU
		{79FA6E59-F881-424A-8C67-38DACD30C062}.Release|x86.ActiveCfg = Release|Any CPU
		{CF421F98-C6E4-4C6F-99BB-604402C78E29}.Ad-Hoc|Any CPU.ActiveCfg = Ad-Hoc|iPhone
		{CF421F98-C6E4-4C6F-99BB-604402C78E29}.Ad-Hoc|ARM.ActiveCfg = Ad-Hoc|iPhone
		{CF421F98-C6E4-4C6F-99BB-604402C78E29}.Ad-Hoc|iPhone.ActiveCfg = Ad-Hoc|iPhone
		{CF421F98-C6E4-4C6F-99BB-604402C78E29}.Ad-Hoc|iPhone.Build.0 = Ad-Hoc|iPhone
		{CF421F98-C6E4-4C6F-99BB-604402C78E29}.Ad-Hoc|iPhoneSimulator.ActiveCfg = Ad-Hoc|iPhoneSimulator
		{CF421F98-C6E4-4C6F-99BB-604402C78E29}.Ad-Hoc|iPhoneSimulator.Build.0 = Ad-Hoc|iPhoneSimulator
		{CF421F98-C6E4-4C6F-99BB-604402C78E29}.Ad-Hoc|Mixed Platforms.ActiveCfg = Ad-Hoc|iPhone
		{CF421F98-C6E4-4C6F-99BB-604402C78E29}.Ad-Hoc|Mixed Platforms.Build.0 = Ad-Hoc|iPhone
		{CF421F98-C6E4-4C6F-99BB-604402C78E29}.Ad-Hoc|x86.ActiveCfg = Ad-Hoc|iPhone
		{CF421F98-C6E4-4C6F-99BB-604402C78E29}.AppStore|Any CPU.ActiveCfg = AppStore|iPhone
		{CF421F98-C6E4-4C6F-99BB-604402C78E29}.AppStore|ARM.ActiveCfg = AppStore|iPhone
		{CF421F98-C6E4-4C6F-99BB-604402C78E29}.AppStore|iPhone.ActiveCfg = AppStore|iPhone
		{CF421F98-C6E4-4C6F-99BB-604402C78E29}.AppStore|iPhone.Build.0 = AppStore|iPhone
		{CF421F98-C6E4-4C6F-99BB-604402C78E29}.AppStore|iPhoneSimulator.ActiveCfg = AppStore|iPhoneSimulator
		{CF421F98-C6E4-4C6F-99BB-604402C78E29}.AppStore|iPhoneSimulator.Build.0 = AppStore|iPhoneSimulator
		{CF421F98-C6E4-4C6F-99BB-604402C78E29}.AppStore|Mixed Platforms.ActiveCfg = AppStore|iPhone
		{CF421F98-C6E4-4C6F-99BB-604402C78E29}.AppStore|Mixed Platforms.Build.0 = AppStore|iPhone
		{CF421F98-C6E4-4C6F-99BB-604402C78E29}.AppStore|x86.ActiveCfg = AppStore|iPhone
		{CF421F98-C6E4-4C6F-99BB-604402C78E29}.Debug|Any CPU.ActiveCfg = Debug|iPhone
		{CF421F98-C6E4-4C6F-99BB-604402C78E29}.Debug|ARM.ActiveCfg = Debug|iPhone
		{CF421F98-C6E4-4C6F-99BB-604402C78E29}.Debug|iPhone.ActiveCfg = Debug|iPhone
		{CF421F98-C6E4-4C6F-99BB-604402C78E29}.Debug|iPhone.Build.0 = Debug|iPhone
		{CF421F98-C6E4-4C6F-99BB-604402C78E29}.Debug|iPhoneSimulator.ActiveCfg = Debug|iPhoneSimulator
		{CF421F98-C6E4-4C6F-99BB-604402C78E29}.Debug|iPhoneSimulator.Build.0 = Debug|iPhoneSimulator
		{CF421F98-C6E4-4C6F-99BB-604402C78E29}.Debug|Mixed Platforms.ActiveCfg = Debug|iPhone
		{CF421F98-C6E4-4C6F-99BB-604402C78E29}.Debug|Mixed Platforms.Build.0 = Debug|iPhone
		{CF421F98-C6E4-4C6F-99BB-604402C78E29}.Debug|x86.ActiveCfg = Debug|iPhone
		{CF421F98-C6E4-4C6F-99BB-604402C78E29}.Release|Any CPU.ActiveCfg = Release|iPhone
		{CF421F98-C6E4-4C6F-99BB-604402C78E29}.Release|ARM.ActiveCfg = Release|iPhone
		{CF421F98-C6E4-4C6F-99BB-604402C78E29}.Release|iPhone.ActiveCfg = Release|iPhone
		{CF421F98-C6E4-4C6F-99BB-604402C78E29}.Release|iPhone.Build.0 = Release|iPhone
		{CF421F98-C6E4-4C6F-99BB-604402C78E29}.Release|iPhoneSimulator.ActiveCfg = Release|iPhoneSimulator
		{CF421F98-C6E4-4C6F-99BB-604402C78E29}.Release|iPhoneSimulator.Build.0 = Release|iPhoneSimulator
		{CF421F98-C6E4-4C6F-99BB-604402C78E29}.Release|Mixed Platforms.ActiveCfg = Release|iPhone
		{CF421F98-C6E4-4C6F-99BB-604402C78E29}.Release|Mixed Platforms.Build.0 = Release|iPhone
		{CF421F98-C6E4-4C6F-99BB-604402C78E29}.Release|x86.ActiveCfg = Release|iPhone
		{2BD75162-3B2E-4871-B9AF-25BA85A52353}.Ad-Hoc|Any CPU.ActiveCfg = Release|Any CPU
		{2BD75162-3B2E-4871-B9AF-25BA85A52353}.Ad-Hoc|Any CPU.Build.0 = Release|Any CPU
		{2BD75162-3B2E-4871-B9AF-25BA85A52353}.Ad-Hoc|Any CPU.Deploy.0 = Release|Any CPU
		{2BD75162-3B2E-4871-B9AF-25BA85A52353}.Ad-Hoc|ARM.ActiveCfg = Release|Any CPU
		{2BD75162-3B2E-4871-B9AF-25BA85A52353}.Ad-Hoc|iPhone.ActiveCfg = Release|Any CPU
		{2BD75162-3B2E-4871-B9AF-25BA85A52353}.Ad-Hoc|iPhoneSimulator.ActiveCfg = Release|Any CPU
		{2BD75162-3B2E-4871-B9AF-25BA85A52353}.Ad-Hoc|Mixed Platforms.ActiveCfg = Release|Any CPU
		{2BD75162-3B2E-4871-B9AF-25BA85A52353}.Ad-Hoc|Mixed Platforms.Build.0 = Release|Any CPU
		{2BD75162-3B2E-4871-B9AF-25BA85A52353}.Ad-Hoc|Mixed Platforms.Deploy.0 = Release|Any CPU
		{2BD75162-3B2E-4871-B9AF-25BA85A52353}.Ad-Hoc|x86.ActiveCfg = Release|Any CPU
		{2BD75162-3B2E-4871-B9AF-25BA85A52353}.AppStore|Any CPU.ActiveCfg = Release|Any CPU
		{2BD75162-3B2E-4871-B9AF-25BA85A52353}.AppStore|Any CPU.Build.0 = Release|Any CPU
		{2BD75162-3B2E-4871-B9AF-25BA85A52353}.AppStore|Any CPU.Deploy.0 = Release|Any CPU
		{2BD75162-3B2E-4871-B9AF-25BA85A52353}.AppStore|ARM.ActiveCfg = Release|Any CPU
		{2BD75162-3B2E-4871-B9AF-25BA85A52353}.AppStore|iPhone.ActiveCfg = Release|Any CPU
		{2BD75162-3B2E-4871-B9AF-25BA85A52353}.AppStore|iPhoneSimulator.ActiveCfg = Release|Any CPU
		{2BD75162-3B2E-4871-B9AF-25BA85A52353}.AppStore|Mixed Platforms.ActiveCfg = Release|Any CPU
		{2BD75162-3B2E-4871-B9AF-25BA85A52353}.AppStore|Mixed Platforms.Build.0 = Release|Any CPU
		{2BD75162-3B2E-4871-B9AF-25BA85A52353}.AppStore|Mixed Platforms.Deploy.0 = Release|Any CPU
		{2BD75162-3B2E-4871-B9AF-25BA85A52353}.AppStore|x86.ActiveCfg = Release|Any CPU
		{2BD75162-3B2E-4871-B9AF-25BA85A52353}.Debug|Any CPU.ActiveCfg = Debug|Any CPU
		{2BD75162-3B2E-4871-B9AF-25BA85A52353}.Debug|Any CPU.Build.0 = Debug|Any CPU
		{2BD75162-3B2E-4871-B9AF-25BA85A52353}.Debug|Any CPU.Deploy.0 = Debug|Any CPU
		{2BD75162-3B2E-4871-B9AF-25BA85A52353}.Debug|ARM.ActiveCfg = Debug|Any CPU
		{2BD75162-3B2E-4871-B9AF-25BA85A52353}.Debug|iPhone.ActiveCfg = Debug|Any CPU
		{2BD75162-3B2E-4871-B9AF-25BA85A52353}.Debug|iPhoneSimulator.ActiveCfg = Debug|Any CPU
		{2BD75162-3B2E-4871-B9AF-25BA85A52353}.Debug|Mixed Platforms.ActiveCfg = Debug|Any CPU
		{2BD75162-3B2E-4871-B9AF-25BA85A52353}.Debug|Mixed Platforms.Build.0 = Debug|Any CPU
		{2BD75162-3B2E-4871-B9AF-25BA85A52353}.Debug|Mixed Platforms.Deploy.0 = Debug|Any CPU
		{2BD75162-3B2E-4871-B9AF-25BA85A52353}.Debug|x86.ActiveCfg = Debug|Any CPU
		{2BD75162-3B2E-4871-B9AF-25BA85A52353}.Release|Any CPU.ActiveCfg = Release|Any CPU
		{2BD75162-3B2E-4871-B9AF-25BA85A52353}.Release|Any CPU.Build.0 = Release|Any CPU
		{2BD75162-3B2E-4871-B9AF-25BA85A52353}.Release|Any CPU.Deploy.0 = Release|Any CPU
		{2BD75162-3B2E-4871-B9AF-25BA85A52353}.Release|ARM.ActiveCfg = Release|Any CPU
		{2BD75162-3B2E-4871-B9AF-25BA85A52353}.Release|iPhone.ActiveCfg = Release|Any CPU
		{2BD75162-3B2E-4871-B9AF-25BA85A52353}.Release|iPhoneSimulator.ActiveCfg = Release|Any CPU
		{2BD75162-3B2E-4871-B9AF-25BA85A52353}.Release|Mixed Platforms.ActiveCfg = Release|Any CPU
		{2BD75162-3B2E-4871-B9AF-25BA85A52353}.Release|Mixed Platforms.Build.0 = Release|Any CPU
		{2BD75162-3B2E-4871-B9AF-25BA85A52353}.Release|Mixed Platforms.Deploy.0 = Release|Any CPU
		{2BD75162-3B2E-4871-B9AF-25BA85A52353}.Release|x86.ActiveCfg = Release|Any CPU
	EndGlobalSection
	GlobalSection(SolutionProperties) = preSolution
		HideSolutionNode = FALSE
	EndGlobalSection
EndGlobal
